
Microsoft Visual Studio Solution File, Format Version 12.00
# Visual Studio Version 16
VisualStudioVersion = 16.0.30517.126
MinimumVisualStudioVersion = 10.0.40219.1
Project("{FAE04EC0-301F-11D3-BF4B-00C04F79EFBC}") = "AplikacjaKonsolowa", "AplikacjaKonsolowa\AplikacjaKonsolowa.csproj", "{42D4067B-769C-46B6-827E-3B6FF2213C4B}"
EndProject
Global
	GlobalSection(SolutionConfigurationPlatforms) = preSolution
		Debug|Any CPU = Debug|Any CPU
		Release|Any CPU = Release|Any CPU
	EndGlobalSection
	GlobalSection(ProjectConfigurationPlatforms) = postSolution
		{42D4067B-769C-46B6-827E-3B6FF2213C4B}.Debug|Any CPU.ActiveCfg = Debug|Any CPU
		{42D4067B-769C-46B6-827E-3B6FF2213C4B}.Debug|Any CPU.Build.0 = Debug|Any CPU
		{42D4067B-769C-46B6-827E-3B6FF2213C4B}.Release|Any CPU.ActiveCfg = Release|Any CPU
		{42D4067B-769C-46B6-827E-3B6FF2213C4B}.Release|Any CPU.Build.0 = Release|Any CPU
	EndGlobalSection
	GlobalSection(SolutionProperties) = preSolution
		HideSolutionNode = FALSE
	EndGlobalSection
	GlobalSection(ExtensibilityGlobals) = postSolution
		SolutionGuid = {A77795D8-9648-4B31-9AA3-1FE7EC43ACC2}
	EndGlobalSection
EndGlobal
